{
  "version": 4,
  "terraform_version": "1.10.4",
  "serial": 3,
  "lineage": "c74b0914-0064-e581-d067-54304cdcb23c",
  "outputs": {},
  "resources": [
    {
      "mode": "data",
      "type": "aws_iam_role",
      "name": "existing_lambda_role",
      "provider": "provider[\"registry.terraform.io/hashicorp/aws\"]",
      "instances": [
        {
          "schema_version": 0,
          "attributes": {
            "arn": "arn:aws:iam::381491906666:role/service-role/bedrock-nlp-query-handler-role-34p3pcub",
            "assume_role_policy": "{\"Version\":\"2012-10-17\",\"Statement\":[{\"Effect\":\"Allow\",\"Principal\":{\"Service\":\"lambda.amazonaws.com\"},\"Action\":\"sts:AssumeRole\"}]}",
            "create_date": "2025-05-28T21:59:16Z",
            "description": "",
            "id": "bedrock-nlp-query-handler-role-34p3pcub",
            "max_session_duration": 3600,
            "name": "bedrock-nlp-query-handler-role-34p3pcub",
            "path": "/service-role/",
            "permissions_boundary": "",
            "role_last_used": [
              {
                "last_used_date": "2025-05-30T18:22:29Z",
                "region": "us-east-1"
              }
            ],
            "tags": {},
            "unique_id": "AROAVRUVQRBVM3AIBLITO"
          },
          "sensitive_attributes": []
        }
      ]
    },
    {
      "mode": "managed",
      "type": "aws_lambda_function",
      "name": "bedrock_llm_lambda",
      "provider": "provider[\"registry.terraform.io/hashicorp/aws\"]",
      "instances": [
        {
          "schema_version": 0,
          "attributes": {
            "architectures": [
              "x86_64"
            ],
            "arn": "arn:aws:lambda:us-east-1:381491906666:function:bedrock-llm-lambda",
            "code_sha256": "Pg/++MfleKmlFWhhGvEs6WLrHE/BWWLxbf8mpwBwwXM=",
            "code_signing_config_arn": "",
            "dead_letter_config": [],
            "description": "",
            "environment": [
              {
                "variables": {
                  "MODEL_ID": "us.meta.llama4-maverick-17b-instruct-v1:0"
                }
              }
            ],
            "ephemeral_storage": [
              {
                "size": 512
              }
            ],
            "file_system_config": [],
            "filename": "../tree-api/src/llm/bedrock-llm-lambda/package/bedrock_llm_lambda.zip",
            "function_name": "bedrock-llm-lambda",
            "handler": "app.lambda_handler",
            "id": "bedrock-llm-lambda",
            "image_config": [],
            "image_uri": "",
            "invoke_arn": "arn:aws:apigateway:us-east-1:lambda:path/2015-03-31/functions/arn:aws:lambda:us-east-1:381491906666:function:bedrock-llm-lambda/invocations",
            "kms_key_arn": "",
            "last_modified": "2025-05-30T20:46:49.615+0000",
            "layers": null,
            "logging_config": [
              {
                "application_log_level": "",
                "log_format": "Text",
                "log_group": "/aws/lambda/bedrock-llm-lambda",
                "system_log_level": ""
              }
            ],
            "memory_size": 128,
            "package_type": "Zip",
            "publish": false,
            "qualified_arn": "arn:aws:lambda:us-east-1:381491906666:function:bedrock-llm-lambda:$LATEST",
            "qualified_invoke_arn": "arn:aws:apigateway:us-east-1:lambda:path/2015-03-31/functions/arn:aws:lambda:us-east-1:381491906666:function:bedrock-llm-lambda:$LATEST/invocations",
            "replace_security_groups_on_destroy": null,
            "replacement_security_group_ids": null,
            "reserved_concurrent_executions": -1,
            "role": "arn:aws:iam::381491906666:role/service-role/bedrock-nlp-query-handler-role-34p3pcub",
            "runtime": "python3.12",
            "s3_bucket": null,
            "s3_key": null,
            "s3_object_version": null,
            "signing_job_arn": "",
            "signing_profile_version_arn": "",
            "skip_destroy": false,
            "snap_start": [],
            "source_code_hash": "Pg/++MfleKmlFWhhGvEs6WLrHE/BWWLxbf8mpwBwwXM=",
            "source_code_size": 634,
            "tags": null,
            "tags_all": {},
            "timeout": 10,
            "timeouts": null,
            "tracing_config": [
              {
                "mode": "PassThrough"
              }
            ],
            "version": "$LATEST",
            "vpc_config": []
          },
          "sensitive_attributes": [],
          "private": "eyJlMmJmYjczMC1lY2FhLTExZTYtOGY4OC0zNDM2M2JjN2M0YzAiOnsiY3JlYXRlIjo2MDAwMDAwMDAwMDAsImRlbGV0ZSI6NjAwMDAwMDAwMDAwLCJ1cGRhdGUiOjYwMDAwMDAwMDAwMH19",
          "dependencies": [
            "data.aws_iam_role.existing_lambda_role"
          ]
        }
      ]
    }
  ],
  "check_results": null
}
